symfony v2.0.17
twig v1.6.2
monolog 1.0.2
doctrine-common 2.2.2
doctrine-dbal 2.2.2
doctrine 2.2.2
swiftmailer v4.1.5
assetic v1.0.3
twig-extensions 5c2d515d4624bdd588226d688173cf0399a4d8cf
metadata 1.0.0
SensioFrameworkExtraBundle v2.0.22
JMSSecurityExtraBundle e752f888c51425f71382c056961f10f2be642102
SensioDistributionBundle v2.0.22
SensioGeneratorBundle v2.0.22
AsseticBundle v1.0.1
doctrine-fixtures 689bc2ae2a41dff1107d9d50e2daa4c349222869
DoctrineFixturesBundle a66be2f077f3a4e5c3801b356b42b8782f1abbd6
FOSUserBundle 1.2.0
FOSJsRoutingBundle 1.1.2
